
Microsoft Visual Studio Solution File, Format Version 12.00
# Visual Studio Version 17
VisualStudioVersion = 17.2.32505.173
MinimumVisualStudioVersion = 10.0.40219.1
Project("{FAE04EC0-301F-11D3-BF4B-00C04F79EFBC}") = "ninja", "ninja\ninja.csproj", "{8365252D-ED1A-4932-B5EB-45DC7383E2DB}"
EndProject
Global
	GlobalSection(SolutionConfigurationPlatforms) = preSolution
		Debug|Any CPU = Debug|Any CPU
		Release|Any CPU = Release|Any CPU
	EndGlobalSection
	GlobalSection(ProjectConfigurationPlatforms) = postSolution
		{8365252D-ED1A-4932-B5EB-45DC7383E2DB}.Debug|Any CPU.ActiveCfg = Debug|Any CPU
		{8365252D-ED1A-4932-B5EB-45DC7383E2DB}.Debug|Any CPU.Build.0 = Debug|Any CPU
		{8365252D-ED1A-4932-B5EB-45DC7383E2DB}.Release|Any CPU.ActiveCfg = Release|Any CPU
		{8365252D-ED1A-4932-B5EB-45DC7383E2DB}.Release|Any CPU.Build.0 = Release|Any CPU
	EndGlobalSection
	GlobalSection(SolutionProperties) = preSolution
		HideSolutionNode = FALSE
	EndGlobalSection
	GlobalSection(ExtensibilityGlobals) = postSolution
		SolutionGuid = {9938D303-1C75-49B7-82B8-2A030A61D3CB}
	EndGlobalSection
EndGlobal
